
Microsoft Visual Studio Solution File, Format Version 12.00
# Visual Studio Version 17
VisualStudioVersion = 17.14.36121.58
MinimumVisualStudioVersion = 10.0.40219.1
Project("{FAE04EC0-301F-11D3-BF4B-00C04F79EFBC}") = "Book_Management", "Book Management\Book_Management.csproj", "{D3E7D933-95FE-450A-887A-ED4E4353CA5C}"
EndProject
Project("{FAE04EC0-301F-11D3-BF4B-00C04F79EFBC}") = "Books.DataAccess", "BooksDataAccess\Books.DataAccess.csproj", "{A1F612B9-66DA-43AE-99F4-14D197A434BA}"
EndProject
Project("{FAE04EC0-301F-11D3-BF4B-00C04F79EFBC}") = "Books.Services", "BooksServices\Books.Services.csproj", "{ADADEA0B-4E35-44A7-BC2E-E6BA2AF2DF0A}"
EndProject
Global
	GlobalSection(SolutionConfigurationPlatforms) = preSolution
		Debug|Any CPU = Debug|Any CPU
		Release|Any CPU = Release|Any CPU
	EndGlobalSection
	GlobalSection(ProjectConfigurationPlatforms) = postSolution
		{D3E7D933-95FE-450A-887A-ED4E4353CA5C}.Debug|Any CPU.ActiveCfg = Debug|Any CPU
		{D3E7D933-95FE-450A-887A-ED4E4353CA5C}.Debug|Any CPU.Build.0 = Debug|Any CPU
		{D3E7D933-95FE-450A-887A-ED4E4353CA5C}.Release|Any CPU.ActiveCfg = Release|Any CPU
		{D3E7D933-95FE-450A-887A-ED4E4353CA5C}.Release|Any CPU.Build.0 = Release|Any CPU
		{A1F612B9-66DA-43AE-99F4-14D197A434BA}.Debug|Any CPU.ActiveCfg = Debug|Any CPU
		{A1F612B9-66DA-43AE-99F4-14D197A434BA}.Debug|Any CPU.Build.0 = Debug|Any CPU
		{A1F612B9-66DA-43AE-99F4-14D197A434BA}.Release|Any CPU.ActiveCfg = Release|Any CPU
		{A1F612B9-66DA-43AE-99F4-14D197A434BA}.Release|Any CPU.Build.0 = Release|Any CPU
		{ADADEA0B-4E35-44A7-BC2E-E6BA2AF2DF0A}.Debug|Any CPU.ActiveCfg = Debug|Any CPU
		{ADADEA0B-4E35-44A7-BC2E-E6BA2AF2DF0A}.Debug|Any CPU.Build.0 = Debug|Any CPU
		{ADADEA0B-4E35-44A7-BC2E-E6BA2AF2DF0A}.Release|Any CPU.ActiveCfg = Release|Any CPU
		{ADADEA0B-4E35-44A7-BC2E-E6BA2AF2DF0A}.Release|Any CPU.Build.0 = Release|Any CPU
	EndGlobalSection
	GlobalSection(SolutionProperties) = preSolution
		HideSolutionNode = FALSE
	EndGlobalSection
	GlobalSection(ExtensibilityGlobals) = postSolution
		SolutionGuid = {8F6B940D-EFCB-4057-9EBE-C9619F8027C6}
	EndGlobalSection
EndGlobal
